
Microsoft Visual Studio Solution File, Format Version 12.00
# Visual Studio Version 17
VisualStudioVersion = 17.5.33516.290
MinimumVisualStudioVersion = 10.0.40219.1
Project("{FAE04EC0-301F-11D3-BF4B-00C04F79EFBC}") = "SuperHero Generator", "SuperHero Generator\SuperHero Generator.csproj", "{31B630A6-93C6-46F0-868A-56D82B44A364}"
EndProject
Global
	GlobalSection(SolutionConfigurationPlatforms) = preSolution
		Debug|Any CPU = Debug|Any CPU
		Release|Any CPU = Release|Any CPU
	EndGlobalSection
	GlobalSection(ProjectConfigurationPlatforms) = postSolution
		{31B630A6-93C6-46F0-868A-56D82B44A364}.Debug|Any CPU.ActiveCfg = Debug|Any CPU
		{31B630A6-93C6-46F0-868A-56D82B44A364}.Debug|Any CPU.Build.0 = Debug|Any CPU
		{31B630A6-93C6-46F0-868A-56D82B44A364}.Release|Any CPU.ActiveCfg = Release|Any CPU
		{31B630A6-93C6-46F0-868A-56D82B44A364}.Release|Any CPU.Build.0 = Release|Any CPU
	EndGlobalSection
	GlobalSection(SolutionProperties) = preSolution
		HideSolutionNode = FALSE
	EndGlobalSection
	GlobalSection(ExtensibilityGlobals) = postSolution
		SolutionGuid = {66081D34-A647-4539-BB6F-3E3C76B6C6D3}
	EndGlobalSection
EndGlobal
